
Microsoft Visual Studio Solution File, Format Version 12.00
# Visual Studio 15
VisualStudioVersion = 15.0.28307.106
MinimumVisualStudioVersion = 10.0.40219.1
Project("{FAE04EC0-301F-11D3-BF4B-00C04F79EFBC}") = "NX_Game_Info", "Windows\NX_Game_Info.csproj", "{A9721E36-198D-4096-B2E0-7B256C0B509C}"
EndProject
Project("{9A19103F-16F7-4668-BE54-9A1E7A4F7556}") = "LibHac", "LibHac\src\LibHac\LibHac.csproj", "{8153294A-83A8-478C-ADF5-AEF9B55644B9}"
EndProject
Project("{9A19103F-16F7-4668-BE54-9A1E7A4F7556}") = "TaskDialog", "TaskDialog\TaskDialog\TaskDialog.csproj", "{9D268731-F143-473C-BE21-CDBD3E19CEFD}"
EndProject
Global
	GlobalSection(SolutionConfigurationPlatforms) = preSolution
		Debug|Any CPU = Debug|Any CPU
		Release|Any CPU = Release|Any CPU
	EndGlobalSection
	GlobalSection(ProjectConfigurationPlatforms) = postSolution
		{A9721E36-198D-4096-B2E0-7B256C0B509C}.Debug|Any CPU.ActiveCfg = Debug|Any CPU
		{A9721E36-198D-4096-B2E0-7B256C0B509C}.Debug|Any CPU.Build.0 = Debug|Any CPU
		{A9721E36-198D-4096-B2E0-7B256C0B509C}.Release|Any CPU.ActiveCfg = Release|Any CPU
		{A9721E36-198D-4096-B2E0-7B256C0B509C}.Release|Any CPU.Build.0 = Release|Any CPU
		{8153294A-83A8-478C-ADF5-AEF9B55644B9}.Debug|Any CPU.ActiveCfg = Debug|Any CPU
		{8153294A-83A8-478C-ADF5-AEF9B55644B9}.Debug|Any CPU.Build.0 = Debug|Any CPU
		{8153294A-83A8-478C-ADF5-AEF9B55644B9}.Release|Any CPU.ActiveCfg = Release|Any CPU
		{8153294A-83A8-478C-ADF5-AEF9B55644B9}.Release|Any CPU.Build.0 = Release|Any CPU
		{9D268731-F143-473C-BE21-CDBD3E19CEFD}.Debug|Any CPU.ActiveCfg = Debug|Any CPU
		{9D268731-F143-473C-BE21-CDBD3E19CEFD}.Debug|Any CPU.Build.0 = Debug|Any CPU
		{9D268731-F143-473C-BE21-CDBD3E19CEFD}.Release|Any CPU.ActiveCfg = Release|Any CPU
		{9D268731-F143-473C-BE21-CDBD3E19CEFD}.Release|Any CPU.Build.0 = Release|Any CPU
	EndGlobalSection
	GlobalSection(SolutionProperties) = preSolution
		HideSolutionNode = FALSE
	EndGlobalSection
	GlobalSection(ExtensibilityGlobals) = postSolution
		SolutionGuid = {5E2DAC3C-BDFE-446F-9499-091C0243C104}
	EndGlobalSection
EndGlobal
